# THIS IS AN AUTOGENERATED FILE. DO NOT EDIT THIS FILE DIRECTLY.
# yarn lockfile v1


"@playwright/test@^1.42.1":
  version "1.42.1"
  resolved "https://registry.yarnpkg.com/@playwright/test/-/test-1.42.1.tgz#9eff7417bcaa770e9e9a00439e078284b301f31c"
  integrity sha512-Gq9rmS54mjBL/7/MvBaNOBwbfnh7beHvS6oS4srqXFcQHpQCV1+c8JXWE8VLPyRDhgS3H8x8A7hztqI9VnwrAQ==
  dependencies:
    playwright "1.42.1"

"@types/node@^20.11.26":
  version "20.11.26"
  resolved "https://registry.yarnpkg.com/@types/node/-/node-20.11.26.tgz#3fbda536e51d5c79281e1d9657dcb0131baabd2d"
  integrity sha512-YwOMmyhNnAWijOBQweOJnQPl068Oqd4K3OFbTc6AHJwzweUwwWG3GIFY74OKks2PJUDkQPeddOQES9mLn1CTEQ==
  dependencies:
    undici-types "~5.26.4"

"@types/prop-types@*":
  version "15.7.5"
  resolved "https://registry.yarnpkg.com/@types/prop-types/-/prop-types-15.7.5.tgz#5f19d2b85a98e9558036f6a3cacc8819420f05cf"
  integrity sha512-JCB8C6SnDoQf0cNycqd/35A7MjcnK+ZTqE7judS6o7utxUCg6imJg3QK2qzHKszlTjcj2cn+NwMB2i96ubpj7w==

"@types/react-dom@^18.2.21":
  version "18.2.21"
  resolved "https://registry.yarnpkg.com/@types/react-dom/-/react-dom-18.2.21.tgz#b8c81715cebdebb2994378616a8d54ace54f043a"
  integrity sha512-gnvBA/21SA4xxqNXEwNiVcP0xSGHh/gi1VhWv9Bl46a0ItbTT5nFY+G9VSQpaG/8N/qdJpJ+vftQ4zflTtnjLw==
  dependencies:
    "@types/react" "*"

"@types/react@*":
  version "18.2.6"
  resolved "https://registry.yarnpkg.com/@types/react/-/react-18.2.6.tgz#5cd53ee0d30ffc193b159d3516c8c8ad2f19d571"
  integrity sha512-wRZClXn//zxCFW+ye/D2qY65UsYP1Fpex2YXorHc8awoNamkMZSvBxwxdYVInsHOZZd2Ppq8isnSzJL5Mpf8OA==
  dependencies:
    "@types/prop-types" "*"
    "@types/scheduler" "*"
    csstype "^3.0.2"

"@types/react@^18.2.65":
  version "18.2.65"
  resolved "https://registry.yarnpkg.com/@types/react/-/react-18.2.65.tgz#54eb311fa9aba173c9e163d42ec188d5a42878b8"
  integrity sha512-98TsY0aW4jqx/3RqsUXwMDZSWR1Z4CUlJNue8ueS2/wcxZOsz4xmW1X8ieaWVRHcmmQM3R8xVA4XWB3dJnWwDQ==
  dependencies:
    "@types/prop-types" "*"
    "@types/scheduler" "*"
    csstype "^3.0.2"

"@types/scheduler@*":
  version "0.16.3"
  resolved "https://registry.yarnpkg.com/@types/scheduler/-/scheduler-0.16.3.tgz#cef09e3ec9af1d63d2a6cc5b383a737e24e6dcf5"
  integrity sha512-5cJ8CB4yAx7BH1oMvdU0Jh9lrEXyPkar6F9G/ERswkCuvP4KQZfZkSjcMbAICCpQTN4OuZn8tz0HiKv9TGZgrQ==

csstype@^3.0.2:
  version "3.1.2"
  resolved "https://registry.yarnpkg.com/csstype/-/csstype-3.1.2.tgz#1d4bf9d572f11c14031f0436e1c10bc1f571f50b"
  integrity sha512-I7K1Uu0MBPzaFKg4nI5Q7Vs2t+3gWWW648spaF+Rg7pI9ds18Ugn+lvg4SHczUdKlHI5LWBXyqfS8+DufyBsgQ==

dotenv@^16.4.5:
  version "16.4.5"
  resolved "https://registry.yarnpkg.com/dotenv/-/dotenv-16.4.5.tgz#cdd3b3b604cb327e286b4762e13502f717cb099f"
  integrity sha512-ZmdL2rui+eB2YwhsWzjInR8LldtZHGDoQ1ugH85ppHKwpUHL7j7rN0Ti9NCnGiQbhaZ11FpR+7ao1dNsmduNUg==

fsevents@2.3.2:
  version "2.3.2"
  resolved "https://registry.yarnpkg.com/fsevents/-/fsevents-2.3.2.tgz#8a526f78b8fdf4623b709e0b975c52c24c02fd1a"
  integrity sha512-xiqMQR4xAeHTuB9uWm+fFRcIOgKBMiOBP+eXiyT7jsgVCq1bkVygt00oASowB7EdtpOHaaPgKt812P9ab+DDKA==

playwright-core@1.42.1:
  version "1.42.1"
  resolved "https://registry.yarnpkg.com/playwright-core/-/playwright-core-1.42.1.tgz#13c150b93c940a3280ab1d3fbc945bc855c9459e"
  integrity sha512-mxz6zclokgrke9p1vtdy/COWBH+eOZgYUVVU34C73M+4j4HLlQJHtfcqiqqxpP0o8HhMkflvfbquLX5dg6wlfA==

playwright@1.42.1:
  version "1.42.1"
  resolved "https://registry.yarnpkg.com/playwright/-/playwright-1.42.1.tgz#79c828b51fe3830211137550542426111dc8239f"
  integrity sha512-PgwB03s2DZBcNRoW+1w9E+VkLBxweib6KTXM0M3tkiT4jVxKSi6PmVJ591J+0u10LUrgxB7dLRbiJqO5s2QPMg==
  dependencies:
    playwright-core "1.42.1"
  optionalDependencies:
    fsevents "2.3.2"

undici-types@~5.26.4:
  version "5.26.5"
  resolved "https://registry.yarnpkg.com/undici-types/-/undici-types-5.26.5.tgz#bcd539893d00b56e964fd2657a4866b221a65617"
  integrity sha512-JlCMO+ehdEIKqlFxk6IfVoAUVmgz7cU7zD/h9XZ0qzeosSHmUJVOzSQvvYSYWXkFXC+IfLKSIffhv0sVZup6pA==
