# THIS IS AN AUTOGENERATED FILE. DO NOT EDIT THIS FILE DIRECTLY.
# yarn lockfile v1


"@playwright/test@^1.56.1":
  version "1.56.1"
  resolved "https://registry.yarnpkg.com/@playwright/test/-/test-1.56.1.tgz#6e3bf3d0c90c5cf94bf64bdb56fd15a805c8bd3f"
  integrity sha512-vSMYtL/zOcFpvJCW71Q/OEGQb7KYBPAdKh35WNSkaZA75JlAO8ED8UN6GUNTm3drWomcbcqRPFqQbLae8yBTdg==
  dependencies:
    playwright "1.56.1"

"@types/node@^22.10.2":
  version "22.10.2"
  resolved "https://registry.yarnpkg.com/@types/node/-/node-22.10.2.tgz#a485426e6d1fdafc7b0d4c7b24e2c78182ddabb9"
  integrity sha512-Xxr6BBRCAOQixvonOye19wnzyDiUtTeqldOOmj3CkeblonbccA12PFwlufvRdrpjXxqnmUaeiU5EOA+7s5diUQ==
  dependencies:
    undici-types "~6.20.0"

"@types/react-dom@^19.0.2":
  version "19.0.2"
  resolved "https://registry.yarnpkg.com/@types/react-dom/-/react-dom-19.0.2.tgz#ad21f9a1ee881817995fd3f7fd33659c87e7b1b7"
  integrity sha512-c1s+7TKFaDRRxr1TxccIX2u7sfCnc3RxkVyBIUA2lCpyqCF+QoAwQ/CBg7bsMdVwP120HEH143VQezKtef5nCg==

"@types/react@^19.0.2":
  version "19.0.2"
  resolved "https://registry.yarnpkg.com/@types/react/-/react-19.0.2.tgz#9363e6b3ef898c471cb182dd269decc4afc1b4f6"
  integrity sha512-USU8ZI/xyKJwFTpjSVIrSeHBVAGagkHQKPNbxeWwql/vDmnTIBgx+TJnhFnj1NXgz8XfprU0egV2dROLGpsBEg==
  dependencies:
    csstype "^3.0.2"

csstype@^3.0.2:
  version "3.1.2"
  resolved "https://registry.yarnpkg.com/csstype/-/csstype-3.1.2.tgz#1d4bf9d572f11c14031f0436e1c10bc1f571f50b"
  integrity sha512-I7K1Uu0MBPzaFKg4nI5Q7Vs2t+3gWWW648spaF+Rg7pI9ds18Ugn+lvg4SHczUdKlHI5LWBXyqfS8+DufyBsgQ==

dotenv@^16.4.7:
  version "16.4.7"
  resolved "https://registry.yarnpkg.com/dotenv/-/dotenv-16.4.7.tgz#0e20c5b82950140aa99be360a8a5f52335f53c26"
  integrity sha512-47qPchRCykZC03FhkYAhrvwU4xDBFIj1QPqaarj6mdM/hgUzfPHcpkHJOn3mJAufFeeAxAzeGsr5X0M4k6fLZQ==

fsevents@2.3.2:
  version "2.3.2"
  resolved "https://registry.yarnpkg.com/fsevents/-/fsevents-2.3.2.tgz#8a526f78b8fdf4623b709e0b975c52c24c02fd1a"
  integrity sha512-xiqMQR4xAeHTuB9uWm+fFRcIOgKBMiOBP+eXiyT7jsgVCq1bkVygt00oASowB7EdtpOHaaPgKt812P9ab+DDKA==

playwright-core@1.56.1:
  version "1.56.1"
  resolved "https://registry.yarnpkg.com/playwright-core/-/playwright-core-1.56.1.tgz#24a66481e5cd33a045632230aa2c4f0cb6b1db3d"
  integrity sha512-hutraynyn31F+Bifme+Ps9Vq59hKuUCz7H1kDOcBs+2oGguKkWTU50bBWrtz34OUWmIwpBTWDxaRPXrIXkgvmQ==

playwright@1.56.1:
  version "1.56.1"
  resolved "https://registry.yarnpkg.com/playwright/-/playwright-1.56.1.tgz#62e3b99ddebed0d475e5936a152c88e68be55fbf"
  integrity sha512-aFi5B0WovBHTEvpM3DzXTUaeN6eN0qWnTkKx4NQaH4Wvcmc153PdaY2UBdSYKaGYw+UyWXSVyxDUg5DoPEttjw==
  dependencies:
    playwright-core "1.56.1"
  optionalDependencies:
    fsevents "2.3.2"

typescript@^5.7.2:
  version "5.7.2"
  resolved "https://registry.yarnpkg.com/typescript/-/typescript-5.7.2.tgz#3169cf8c4c8a828cde53ba9ecb3d2b1d5dd67be6"
  integrity sha512-i5t66RHxDvVN40HfDd1PsEThGNnlMCMT3jMUuoh9/0TaqWevNontacunWyN02LA9/fIbEWlcHZcgTKb9QoaLfg==

undici-types@~6.20.0:
  version "6.20.0"
  resolved "https://registry.yarnpkg.com/undici-types/-/undici-types-6.20.0.tgz#8171bf22c1f588d1554d55bf204bc624af388433"
  integrity sha512-Ny6QZ2Nju20vw1SRHe3d9jVu6gJ+4e3+MMpqu7pqE5HT6WsTSlce++GQmK5UXS8mzV8DSYHrQH+Xrf2jVcuKNg==
